
Microsoft Visual Studio Solution File, Format Version 12.00
# Visual Studio Version 17
VisualStudioVersion = 17.5.002.0
MinimumVisualStudioVersion = 10.0.40219.1
Project("{9A19103F-16F7-4668-BE54-9A1E7A4F7556}") = "IELTS-score", "IELTS-score.csproj", "{36F35AD0-6485-4B50-A19F-8FBF560B929A}"
EndProject
Global
	GlobalSection(SolutionConfigurationPlatforms) = preSolution
		Debug|Any CPU = Debug|Any CPU
		Release|Any CPU = Release|Any CPU
	EndGlobalSection
	GlobalSection(ProjectConfigurationPlatforms) = postSolution
		{36F35AD0-6485-4B50-A19F-8FBF560B929A}.Debug|Any CPU.ActiveCfg = Debug|Any CPU
		{36F35AD0-6485-4B50-A19F-8FBF560B929A}.Debug|Any CPU.Build.0 = Debug|Any CPU
		{36F35AD0-6485-4B50-A19F-8FBF560B929A}.Release|Any CPU.ActiveCfg = Release|Any CPU
		{36F35AD0-6485-4B50-A19F-8FBF560B929A}.Release|Any CPU.Build.0 = Release|Any CPU
	EndGlobalSection
	GlobalSection(SolutionProperties) = preSolution
		HideSolutionNode = FALSE
	EndGlobalSection
	GlobalSection(ExtensibilityGlobals) = postSolution
		SolutionGuid = {F7C928EE-3705-4433-AC39-002272AC50C0}
	EndGlobalSection
EndGlobal
